
Microsoft Visual Studio Solution File, Format Version 12.00
# Visual Studio Version 16
VisualStudioVersion = 16.0.31624.102
MinimumVisualStudioVersion = 10.0.40219.1
Project("{9A19103F-16F7-4668-BE54-9A1E7A4F7556}") = "lab5", "lab5\lab5.csproj", "{ACA7BFC4-C563-45B7-B37D-3671A62BBBF3}"
EndProject
Project("{FAE04EC0-301F-11D3-BF4B-00C04F79EFBC}") = "PL", "PL\PL.csproj", "{BDA4999F-BAF7-4237-95B2-56D07FA9B743}"
EndProject
Project("{FAE04EC0-301F-11D3-BF4B-00C04F79EFBC}") = "DAL", "DAL\DAL.csproj", "{BFEFAFD8-6149-4864-AB6E-BC01305615A1}"
EndProject
Project("{FAE04EC0-301F-11D3-BF4B-00C04F79EFBC}") = "BLL", "BLL\BLL.csproj", "{F6CA5BD0-CF1F-43C9-9520-0F862895A3DE}"
EndProject
Project("{FAE04EC0-301F-11D3-BF4B-00C04F79EFBC}") = "Entityservice", "Entityservice\Entityservice.csproj", "{95A3CE0F-D70F-4FED-A222-F7092DF3DDE1}"
EndProject
Project("{2150E333-8FDC-42A3-9474-1A3956D46DE8}") = "Tests", "Tests", "{2EEE341D-1E87-4467-A5D6-BD1308AEF80B}"
EndProject
Project("{2150E333-8FDC-42A3-9474-1A3956D46DE8}") = "Project", "Project", "{ED9B4790-861A-4A64-8F0A-1BD1E2FE4B7D}"
EndProject
Project("{FAE04EC0-301F-11D3-BF4B-00C04F79EFBC}") = "StudentTest", "StudentTest\StudentTest.csproj", "{D61AF8F0-75DC-4C59-B2F6-F1BAE7492BD9}"
EndProject
Project("{FAE04EC0-301F-11D3-BF4B-00C04F79EFBC}") = "BakerTest", "BakerTest\BakerTest.csproj", "{C974F875-F070-4C44-8A50-C3B7AEDF42B7}"
EndProject
Project("{FAE04EC0-301F-11D3-BF4B-00C04F79EFBC}") = "EntrepreneurTest", "EntrepreneurTest\EntrepreneurTest.csproj", "{90ED7D06-8CBC-4DC9-9ABE-E100FB14B172}"
EndProject
Global
	GlobalSection(SolutionConfigurationPlatforms) = preSolution
		Debug|Any CPU = Debug|Any CPU
		Release|Any CPU = Release|Any CPU
	EndGlobalSection
	GlobalSection(ProjectConfigurationPlatforms) = postSolution
		{ACA7BFC4-C563-45B7-B37D-3671A62BBBF3}.Debug|Any CPU.ActiveCfg = Debug|Any CPU
		{ACA7BFC4-C563-45B7-B37D-3671A62BBBF3}.Debug|Any CPU.Build.0 = Debug|Any CPU
		{ACA7BFC4-C563-45B7-B37D-3671A62BBBF3}.Release|Any CPU.ActiveCfg = Release|Any CPU
		{ACA7BFC4-C563-45B7-B37D-3671A62BBBF3}.Release|Any CPU.Build.0 = Release|Any CPU
		{BDA4999F-BAF7-4237-95B2-56D07FA9B743}.Debug|Any CPU.ActiveCfg = Debug|Any CPU
		{BDA4999F-BAF7-4237-95B2-56D07FA9B743}.Debug|Any CPU.Build.0 = Debug|Any CPU
		{BDA4999F-BAF7-4237-95B2-56D07FA9B743}.Release|Any CPU.ActiveCfg = Release|Any CPU
		{BDA4999F-BAF7-4237-95B2-56D07FA9B743}.Release|Any CPU.Build.0 = Release|Any CPU
		{BFEFAFD8-6149-4864-AB6E-BC01305615A1}.Debug|Any CPU.ActiveCfg = Debug|Any CPU
		{BFEFAFD8-6149-4864-AB6E-BC01305615A1}.Debug|Any CPU.Build.0 = Debug|Any CPU
		{BFEFAFD8-6149-4864-AB6E-BC01305615A1}.Release|Any CPU.ActiveCfg = Release|Any CPU
		{BFEFAFD8-6149-4864-AB6E-BC01305615A1}.Release|Any CPU.Build.0 = Release|Any CPU
		{F6CA5BD0-CF1F-43C9-9520-0F862895A3DE}.Debug|Any CPU.ActiveCfg = Debug|Any CPU
		{F6CA5BD0-CF1F-43C9-9520-0F862895A3DE}.Debug|Any CPU.Build.0 = Debug|Any CPU
		{F6CA5BD0-CF1F-43C9-9520-0F862895A3DE}.Release|Any CPU.ActiveCfg = Release|Any CPU
		{F6CA5BD0-CF1F-43C9-9520-0F862895A3DE}.Release|Any CPU.Build.0 = Release|Any CPU
		{95A3CE0F-D70F-4FED-A222-F7092DF3DDE1}.Debug|Any CPU.ActiveCfg = Debug|Any CPU
		{95A3CE0F-D70F-4FED-A222-F7092DF3DDE1}.Debug|Any CPU.Build.0 = Debug|Any CPU
		{95A3CE0F-D70F-4FED-A222-F7092DF3DDE1}.Release|Any CPU.ActiveCfg = Release|Any CPU
		{95A3CE0F-D70F-4FED-A222-F7092DF3DDE1}.Release|Any CPU.Build.0 = Release|Any CPU
		{D61AF8F0-75DC-4C59-B2F6-F1BAE7492BD9}.Debug|Any CPU.ActiveCfg = Debug|Any CPU
		{D61AF8F0-75DC-4C59-B2F6-F1BAE7492BD9}.Debug|Any CPU.Build.0 = Debug|Any CPU
		{D61AF8F0-75DC-4C59-B2F6-F1BAE7492BD9}.Release|Any CPU.ActiveCfg = Release|Any CPU
		{D61AF8F0-75DC-4C59-B2F6-F1BAE7492BD9}.Release|Any CPU.Build.0 = Release|Any CPU
		{C974F875-F070-4C44-8A50-C3B7AEDF42B7}.Debug|Any CPU.ActiveCfg = Debug|Any CPU
		{C974F875-F070-4C44-8A50-C3B7AEDF42B7}.Debug|Any CPU.Build.0 = Debug|Any CPU
		{C974F875-F070-4C44-8A50-C3B7AEDF42B7}.Release|Any CPU.ActiveCfg = Release|Any CPU
		{C974F875-F070-4C44-8A50-C3B7AEDF42B7}.Release|Any CPU.Build.0 = Release|Any CPU
		{90ED7D06-8CBC-4DC9-9ABE-E100FB14B172}.Debug|Any CPU.ActiveCfg = Debug|Any CPU
		{90ED7D06-8CBC-4DC9-9ABE-E100FB14B172}.Debug|Any CPU.Build.0 = Debug|Any CPU
		{90ED7D06-8CBC-4DC9-9ABE-E100FB14B172}.Release|Any CPU.ActiveCfg = Release|Any CPU
		{90ED7D06-8CBC-4DC9-9ABE-E100FB14B172}.Release|Any CPU.Build.0 = Release|Any CPU
	EndGlobalSection
	GlobalSection(SolutionProperties) = preSolution
		HideSolutionNode = FALSE
	EndGlobalSection
	GlobalSection(NestedProjects) = preSolution
		{ACA7BFC4-C563-45B7-B37D-3671A62BBBF3} = {ED9B4790-861A-4A64-8F0A-1BD1E2FE4B7D}
		{BDA4999F-BAF7-4237-95B2-56D07FA9B743} = {ED9B4790-861A-4A64-8F0A-1BD1E2FE4B7D}
		{BFEFAFD8-6149-4864-AB6E-BC01305615A1} = {ED9B4790-861A-4A64-8F0A-1BD1E2FE4B7D}
		{F6CA5BD0-CF1F-43C9-9520-0F862895A3DE} = {ED9B4790-861A-4A64-8F0A-1BD1E2FE4B7D}
		{95A3CE0F-D70F-4FED-A222-F7092DF3DDE1} = {ED9B4790-861A-4A64-8F0A-1BD1E2FE4B7D}
		{D61AF8F0-75DC-4C59-B2F6-F1BAE7492BD9} = {2EEE341D-1E87-4467-A5D6-BD1308AEF80B}
		{C974F875-F070-4C44-8A50-C3B7AEDF42B7} = {2EEE341D-1E87-4467-A5D6-BD1308AEF80B}
		{90ED7D06-8CBC-4DC9-9ABE-E100FB14B172} = {2EEE341D-1E87-4467-A5D6-BD1308AEF80B}
	EndGlobalSection
	GlobalSection(ExtensibilityGlobals) = postSolution
		SolutionGuid = {EAFB388A-353C-48D5-B5C9-F616275D1807}
	EndGlobalSection
EndGlobal
